version: 1
generated_at: 2026-08-21T11:49:52Z
internal: []
trusted:
  - action: actions/checkout
    refs:
      - 93cb6efe18208431cddfb8368fd83d5badbf9bfd
    occurrences:
      93cb6efe18208431cddfb8368fd83d5badbf9bfd:
        .github/workflows/ci.yml:
          - jobs.build.steps.[1].uses
          - jobs.lint.steps.[1].uses
  - action: actions/upload-artifact
    refs:
      - b7c566a772e6b6bfb58ed0dc250532a479d7789f
    occurrences:
      b7c566a772e6b6bfb58ed0dc250532a479d7789f:
        .github/workflows/ci.yml:
          - jobs.build.steps.[7].uses
external:
  - action: step-security/harden-runner
    refs:
      - 9af89fc71515a100421586dfdb3dc9c984fbf411
    occurrences:
      9af89fc71515a100421586dfdb3dc9c984fbf411:
        .github/workflows/ci.yml:
          - jobs.build.steps.[0].uses
          - jobs.lint.steps.[0].uses
  - action: step-security/mise-action
    refs:
      - 2796166110dee826668caddd4bffedae5116e7cd
    occurrences:
      2796166110dee826668caddd4bffedae5116e7cd:
        .github/workflows/ci.yml:
          - jobs.build.steps.[2].uses
          - jobs.lint.steps.[2].uses
local: []
docker: []
dynamic: []
nested_floating_deps: []
