# @generated - this file is auto-generated by `mise lock` https://mise.jdx.dev/dev-tools/mise-lock.html

lockfile_version = 1

[[tools.java]]
version = "zulu-21.52.203.0"
backend = "core:java"
specifiers = ["zulu-21"]

[tools.java."platforms.linux-arm64"]
checksum = "sha256:2a8bf9d26eaa10598242d8a4799aff1440a929d6ceacf1c161c28bb1973b003a"
url = "https://cdn.azul.com/zulu/bin/zulu21.52.203-ca-jdk21.0.12.1-linux_aarch64.tar.gz"

[tools.java."platforms.linux-arm64-musl"]
checksum = "sha256:b86c81b74803128389de2421cbf94eff193418505d6e9ac97e6d0ee160ec25d6"
url = "https://cdn.azul.com/zulu/bin/zulu21.52.203-ca-jdk21.0.12.1-linux_musl_aarch64.tar.gz"

[tools.java."platforms.linux-x64"]
checksum = "sha256:db0c11e13b545e64d520b4821f4ca38ea9bc1c515924eb1e7f48435df101f183"
url = "https://cdn.azul.com/zulu/bin/zulu21.52.203-ca-jdk21.0.12.1-linux_x64.tar.gz"

[tools.java."platforms.linux-x64-musl"]
checksum = "sha256:f2b26df82d22910cdd7e5171517edbc10e5fc22657bfe85dd0aa75cbdaec01fd"
url = "https://cdn.azul.com/zulu/bin/zulu21.52.203-ca-jdk21.0.12.1-linux_musl_x64.tar.gz"

[tools.java."platforms.macos-arm64"]
checksum = "sha256:042093e0895c940a02d68e727bc37b59f3958e58aa1463ec9080845d77af0a45"
url = "https://cdn.azul.com/zulu/bin/zulu21.52.203-ca-jdk21.0.12.1-macosx_aarch64.tar.gz"

[tools.java."platforms.macos-x64"]
checksum = "sha256:6edaf4b72ec6c23d86a46d8b88d0cfed2aaf81645fee13fd852d37af23c4b9fb"
url = "https://cdn.azul.com/zulu/bin/zulu21.52.203-ca-jdk21.0.12.1-macosx_x64.tar.gz"

[tools.java."platforms.windows-x64"]
checksum = "sha256:ebfe6ccb94a1a7c8743ed270c6a96dbb22f5abc48b2cc4785dbf067e02dbed22"
url = "https://cdn.azul.com/zulu/bin/zulu21.52.203-ca-jdk21.0.12.1-win_x64.zip"

[[tools.node]]
version = "24.19.0"
backend = "core:node"
specifiers = ["24"]

[tools.node."platforms.linux-arm64"]
checksum = "sha256:d28c8a5bf0a808f0ed434a1dce8c54ae98f0371c0bd86ac58abc613f73e6643f"
url = "https://nodejs.org/dist/v24.19.0/node-v24.19.0-linux-arm64.tar.gz"

[tools.node."platforms.linux-arm64-musl"]
checksum = "sha256:20824e4d35948fae5b337dccef47813b04d8995312f59df7386f2256d9f9ab7e"
url = "https://unofficial-builds.nodejs.org/download/release/v24.19.0/node-v24.19.0-linux-arm64-musl.tar.gz"

[tools.node."platforms.linux-x64"]
checksum = "sha256:f625d97cd707df4ff96254916fbc5ff014f09c09effe5a1e0ca8f6d41a8789d4"
url = "https://nodejs.org/dist/v24.19.0/node-v24.19.0-linux-x64.tar.gz"

[tools.node."platforms.linux-x64-musl"]
checksum = "sha256:c60223786df14a5d23e220ebb8e60318f5322640a62f90e6d9e54d3a18da532e"
url = "https://unofficial-builds.nodejs.org/download/release/v24.19.0/node-v24.19.0-linux-x64-musl.tar.gz"

[tools.node."platforms.macos-arm64"]
checksum = "sha256:8294b7aa9b03997481c06babf1e8b270c859358f27da57a11509afe537ac381d"
url = "https://nodejs.org/dist/v24.19.0/node-v24.19.0-darwin-arm64.tar.gz"

[tools.node."platforms.macos-x64"]
checksum = "sha256:d1b5e999db158c62fe8f7267a4476b035d8bd93b1a605bac24a3f0dd166e3316"
url = "https://nodejs.org/dist/v24.19.0/node-v24.19.0-darwin-x64.tar.gz"

[tools.node."platforms.windows-x64"]
checksum = "sha256:57f71ab3652e797d84acddc79c81cc9ff1c6ddb2a1974cdb83f00fee9bff4c73"
url = "https://nodejs.org/dist/v24.19.0/node-v24.19.0-win-x64.zip"
